{
  "name": "@freedomsex/captcha-image",
  "version": "1.0.1",
  "lockfileVersion": 1,
  "requires": true,
  "dependencies": {
    "@freedomsex/simple-hash": {
      "version": "1.0.0",
      "resolved": "https://registry.npmjs.org/@freedomsex/simple-hash/-/simple-hash-1.0.0.tgz",
      "integrity": "sha512-suRE8xzYZrjdUcQRUmmvUx9K93oNHzAJwRnE+IbbH9p52OYMgU+xj9UmqY0lo7tbsn5FmvtnE84rK2bk8mpItg=="
    },
    "@freedomsex/styles": {
      "version": "0.1.2",
      "resolved": "https://registry.npmjs.org/@freedomsex/styles/-/styles-0.1.2.tgz",
      "integrity": "sha512-sxhiprdbYkb24MziH2eAhoOqFkkrnsA8Wg0P452dZUe61dFptm1lKbo7bqgGLJwiAPqxHU1N6Ztrm98p6EhhuA=="
    }
  }
}
